
Microsoft Visual Studio Solution File, Format Version 12.00
# Visual Studio Version 16
VisualStudioVersion = 16.0.29709.97
MinimumVisualStudioVersion = 10.0.40219.1
Project("{8BC9CEB8-8B4A-11D0-8D11-00A0C91BC942}") = "DSS_Assignment", "DSS_Assignment.vcxproj", "{975F1164-3357-47FA-98EC-52DA676DA921}"
EndProject
Global
	GlobalSection(SolutionConfigurationPlatforms) = preSolution
		Debug|Win32 = Debug|Win32
		Debug|x64 = Debug|x64
		Debug|x86 = Debug|x86
		Release|Win32 = Release|Win32
		Release|x64 = Release|x64
		Release|x86 = Release|x86
	EndGlobalSection
	GlobalSection(ProjectConfigurationPlatforms) = postSolution
		{975F1164-3357-47FA-98EC-52DA676DA921}.Debug|Win32.ActiveCfg = Debug|x64
		{975F1164-3357-47FA-98EC-52DA676DA921}.Debug|Win32.Build.0 = Debug|x64
		{975F1164-3357-47FA-98EC-52DA676DA921}.Debug|x64.ActiveCfg = Debug|x64
		{975F1164-3357-47FA-98EC-52DA676DA921}.Debug|x64.Build.0 = Debug|x64
		{975F1164-3357-47FA-98EC-52DA676DA921}.Debug|x86.ActiveCfg = Debug|Win32
		{975F1164-3357-47FA-98EC-52DA676DA921}.Debug|x86.Build.0 = Debug|Win32
		{975F1164-3357-47FA-98EC-52DA676DA921}.Release|Win32.ActiveCfg = Release|Win32
		{975F1164-3357-47FA-98EC-52DA676DA921}.Release|Win32.Build.0 = Release|Win32
		{975F1164-3357-47FA-98EC-52DA676DA921}.Release|x64.ActiveCfg = Release|x64
		{975F1164-3357-47FA-98EC-52DA676DA921}.Release|x64.Build.0 = Release|x64
		{975F1164-3357-47FA-98EC-52DA676DA921}.Release|x86.ActiveCfg = Release|Win32
		{975F1164-3357-47FA-98EC-52DA676DA921}.Release|x86.Build.0 = Release|Win32
	EndGlobalSection
	GlobalSection(SolutionProperties) = preSolution
		HideSolutionNode = FALSE
	EndGlobalSection
	GlobalSection(ExtensibilityGlobals) = postSolution
		SolutionGuid = {965BE17B-D28B-4EFC-8804-F53F5A3D0CC5}
	EndGlobalSection
EndGlobal
