<?xml version="1.0" encoding="utf-8"?>
<Project ToolsVersion="4.0" xmlns="http://schemas.microsoft.com/developer/msbuild/2003">
  <ItemGroup>
    <Filter Include="Source Files">
      <UniqueIdentifier>{4FC737F1-C7A5-4376-A066-2A32D752A2FF}</UniqueIdentifier>
      <Extensions>cpp;c;cc;cxx;def;odl;idl;hpj;bat;asm;asmx</Extensions>
    </Filter>
    <Filter Include="Header Files">
      <UniqueIdentifier>{93995380-89BD-4b04-88EB-625FBE52EBFB}</UniqueIdentifier>
      <Extensions>h;hh;hpp;hxx;hm;inl;inc;ipp;xsd</Extensions>
    </Filter>
    <Filter Include="Resource Files">
      <UniqueIdentifier>{67DA6AB6-F800-4c08-8B7A-83BB121AAD01}</UniqueIdentifier>
      <Extensions>rc;ico;cur;bmp;dlg;rc2;rct;bin;rgs;gif;jpg;jpeg;jpe;resx;tiff;tif;png;wav;mfcribbon-ms</Extensions>
    </Filter>
    <Filter Include="Source Files\src">
      <UniqueIdentifier>{2d794bc8-e366-4b49-b841-8a6062379fb3}</UniqueIdentifier>
    </Filter>
    <Filter Include="Source Files\lib">
      <UniqueIdentifier>{e1e68562-6555-45c1-bcd2-fa4f8b58ee70}</UniqueIdentifier>
    </Filter>
  </ItemGroup>
  <ItemGroup>
    <ClCompile Include="src\main.c">
      <Filter>Source Files\src</Filter>
    </ClCompile>
    <ClCompile Include="src\game_data_parser.c">
      <Filter>Source Files\src</Filter>
    </ClCompile>
    <ClCompile Include="src\jsmn\jsmn.c">
      <Filter>Source Files\lib</Filter>
    </ClCompile>
    <ClCompile Include="src\json_deserialization.c">
      <Filter>Source Files\src</Filter>
    </ClCompile>
    <ClCompile Include="src\enum_label.c">
      <Filter>Source Files\src</Filter>
    </ClCompile>
    <ClCompile Include="src\curl_lib.c">
      <Filter>Source Files\src</Filter>
    </ClCompile>
    <ClCompile Include="src\display.c">
      <Filter>Source Files\src</Filter>
    </ClCompile>
  </ItemGroup>
  <ItemGroup>
    <ClInclude Include="src\inc\curl\curlver.h">
      <Filter>Source Files</Filter>
    </ClInclude>
    <ClInclude Include="src\inc\curl\easy.h">
      <Filter>Source Files</Filter>
    </ClInclude>
    <ClInclude Include="src\inc\curl\mprintf.h">
      <Filter>Source Files</Filter>
    </ClInclude>
    <ClInclude Include="src\inc\curl\multi.h">
      <Filter>Source Files</Filter>
    </ClInclude>
    <ClInclude Include="src\inc\curl\stdcheaders.h">
      <Filter>Source Files</Filter>
    </ClInclude>
    <ClInclude Include="src\inc\curl\system.h">
      <Filter>Source Files</Filter>
    </ClInclude>
    <ClInclude Include="src\inc\curl\typecheck-gcc.h">
      <Filter>Source Files</Filter>
    </ClInclude>
    <ClInclude Include="src\inc\curl\urlapi.h">
      <Filter>Source Files</Filter>
    </ClInclude>
    <ClInclude Include="src\inc\curl\curl.h">
      <Filter>Source Files</Filter>
    </ClInclude>
    <ClInclude Include="src\game_data_parser.h">
      <Filter>Source Files\src</Filter>
    </ClInclude>
    <ClInclude Include="src\jsmn\jsmn.h">
      <Filter>Source Files\lib</Filter>
    </ClInclude>
    <ClInclude Include="src\json_deserialization.h">
      <Filter>Source Files\src</Filter>
    </ClInclude>
    <ClInclude Include="src\json_serialize_deserialize_types.h">
      <Filter>Source Files\src</Filter>
    </ClInclude>
    <ClInclude Include="src\enum_label.h">
      <Filter>Source Files\src</Filter>
    </ClInclude>
    <ClInclude Include="src\curl_lib.h">
      <Filter>Source Files\src</Filter>
    </ClInclude>
    <ClInclude Include="src\display.h">
      <Filter>Source Files\src</Filter>
    </ClInclude>
  </ItemGroup>
</Project>